
Microsoft Visual Studio Solution File, Format Version 12.00
# Visual Studio Version 17
VisualStudioVersion = 17.5.33414.496
MinimumVisualStudioVersion = 10.0.40219.1
Project("{FAE04EC0-301F-11D3-BF4B-00C04F79EFBC}") = "AlephRDPDesktop", "AlephRDPDesktop\AlephRDPDesktop.csproj", "{EA48FB6C-B71E-4E42-B8E7-B139253FCCDE}"
EndProject
Project("{FAE04EC0-301F-11D3-BF4B-00C04F79EFBC}") = "AlephRDPStartup", "AlephRDPStartup\AlephRDPStartup.csproj", "{B2261CBC-9C4C-4F63-930A-B55F1EEFF27D}"
EndProject
Project("{FAE04EC0-301F-11D3-BF4B-00C04F79EFBC}") = "AlephRDPUnpacker", "AlephRDPUnpacker\AlephRDPUnpacker.csproj", "{F422D6F4-AC41-4AE7-B640-49FDD53BCB63}"
EndProject
Global
	GlobalSection(SolutionConfigurationPlatforms) = preSolution
		Debug|Any CPU = Debug|Any CPU
		Release|Any CPU = Release|Any CPU
	EndGlobalSection
	GlobalSection(ProjectConfigurationPlatforms) = postSolution
		{EA48FB6C-B71E-4E42-B8E7-B139253FCCDE}.Debug|Any CPU.ActiveCfg = Debug|Any CPU
		{EA48FB6C-B71E-4E42-B8E7-B139253FCCDE}.Debug|Any CPU.Build.0 = Debug|Any CPU
		{EA48FB6C-B71E-4E42-B8E7-B139253FCCDE}.Release|Any CPU.ActiveCfg = Release|Any CPU
		{EA48FB6C-B71E-4E42-B8E7-B139253FCCDE}.Release|Any CPU.Build.0 = Release|Any CPU
		{B2261CBC-9C4C-4F63-930A-B55F1EEFF27D}.Debug|Any CPU.ActiveCfg = Debug|Any CPU
		{B2261CBC-9C4C-4F63-930A-B55F1EEFF27D}.Debug|Any CPU.Build.0 = Debug|Any CPU
		{B2261CBC-9C4C-4F63-930A-B55F1EEFF27D}.Release|Any CPU.ActiveCfg = Release|Any CPU
		{B2261CBC-9C4C-4F63-930A-B55F1EEFF27D}.Release|Any CPU.Build.0 = Release|Any CPU
		{F422D6F4-AC41-4AE7-B640-49FDD53BCB63}.Debug|Any CPU.ActiveCfg = Debug|Any CPU
		{F422D6F4-AC41-4AE7-B640-49FDD53BCB63}.Debug|Any CPU.Build.0 = Debug|Any CPU
		{F422D6F4-AC41-4AE7-B640-49FDD53BCB63}.Release|Any CPU.ActiveCfg = Release|Any CPU
		{F422D6F4-AC41-4AE7-B640-49FDD53BCB63}.Release|Any CPU.Build.0 = Release|Any CPU
	EndGlobalSection
	GlobalSection(SolutionProperties) = preSolution
		HideSolutionNode = FALSE
	EndGlobalSection
	GlobalSection(ExtensibilityGlobals) = postSolution
		SolutionGuid = {35711824-285B-4108-AE0A-FD58EA43622D}
	EndGlobalSection
EndGlobal
